
Microsoft Visual Studio Solution File, Format Version 12.00
# Visual Studio Version 16
VisualStudioVersion = 16.0.30204.135
MinimumVisualStudioVersion = 10.0.40219.1
Project("{FAE04EC0-301F-11D3-BF4B-00C04F79EFBC}") = "Server", "Server\Server.csproj", "{C565C5BF-40DF-4651-9975-AD8C7F2898EA}"
EndProject
Global
	GlobalSection(SolutionConfigurationPlatforms) = preSolution
		Debug|Any CPU = Debug|Any CPU
		Release|Any CPU = Release|Any CPU
	EndGlobalSection
	GlobalSection(ProjectConfigurationPlatforms) = postSolution
		{C565C5BF-40DF-4651-9975-AD8C7F2898EA}.Debug|Any CPU.ActiveCfg = Debug|Any CPU
		{C565C5BF-40DF-4651-9975-AD8C7F2898EA}.Debug|Any CPU.Build.0 = Debug|Any CPU
		{C565C5BF-40DF-4651-9975-AD8C7F2898EA}.Release|Any CPU.ActiveCfg = Release|Any CPU
		{C565C5BF-40DF-4651-9975-AD8C7F2898EA}.Release|Any CPU.Build.0 = Release|Any CPU
	EndGlobalSection
	GlobalSection(SolutionProperties) = preSolution
		HideSolutionNode = FALSE
	EndGlobalSection
	GlobalSection(ExtensibilityGlobals) = postSolution
		SolutionGuid = {EE5C51E4-C5DF-4887-B624-FC9C325A7EFB}
	EndGlobalSection
EndGlobal
